<?xml version="1.0" encoding="utf-8"?>
<Project ToolsVersion="4.0" xmlns="http://schemas.microsoft.com/developer/msbuild/2003">
  <ItemGroup>
    <Filter Include="Source Files">
      <UniqueIdentifier>{4FC737F1-C7A5-4376-A066-2A32D752A2FF}</UniqueIdentifier>
      <Extensions>cpp;c;cc;cxx;c++;def;odl;idl;hpj;bat;asm;asmx</Extensions>
    </Filter>
    <Filter Include="Header Files">
      <UniqueIdentifier>{93995380-89BD-4b04-88EB-625FBE52EBFB}</UniqueIdentifier>
      <Extensions>h;hh;hpp;hxx;h++;hm;inl;inc;ipp;xsd</Extensions>
    </Filter>
    <Filter Include="Resource Files">
      <UniqueIdentifier>{67DA6AB6-F800-4c08-8B7A-83BB121AAD01}</UniqueIdentifier>
      <Extensions>rc;ico;cur;bmp;dlg;rc2;rct;bin;rgs;gif;jpg;jpeg;jpe;resx;tiff;tif;png;wav;mfcribbon-ms</Extensions>
    </Filter>
    <Filter Include="Algorithms">
      <UniqueIdentifier>{2700885f-13d1-4044-8375-e484d9ce93d0}</UniqueIdentifier>
    </Filter>
    <Filter Include="SQLite">
      <UniqueIdentifier>{9741dfa6-6026-45d3-8408-c9d2f716c47c}</UniqueIdentifier>
    </Filter>
  </ItemGroup>
  <ItemGroup>
    <ClInclude Include="framework.h">
      <Filter>Header Files</Filter>
    </ClInclude>
    <ClInclude Include="Structures.h">
      <Filter>Header Files</Filter>
    </ClInclude>
    <ClInclude Include="BasicBlocks.h">
      <Filter>Header Files</Filter>
    </ClInclude>
    <ClInclude Include="Binary.h">
      <Filter>Header Files</Filter>
    </ClInclude>
    <ClInclude Include="..\Common\StorageDataStructures.h">
      <Filter>Header Files</Filter>
    </ClInclude>
    <ClInclude Include="DiffAlgorithms.h">
      <Filter>Algorithms</Filter>
    </ClInclude>
    <ClInclude Include="Diff.h">
      <Filter>Algorithms</Filter>
    </ClInclude>
    <ClInclude Include="Varray.h">
      <Filter>Algorithms</Filter>
    </ClInclude>
    <ClInclude Include="FunctionMatching.h">
      <Filter>Algorithms</Filter>
    </ClInclude>
    <ClInclude Include="Binaries.h">
      <Filter>Header Files</Filter>
    </ClInclude>
    <ClInclude Include="..\Common\Utility.h">
      <Filter>Header Files</Filter>
    </ClInclude>
    <ClInclude Include="DisassemblyReader.h">
      <Filter>Header Files</Filter>
    </ClInclude>
    <ClInclude Include="DiffStorage.h">
      <Filter>Algorithms</Filter>
    </ClInclude>
    <ClInclude Include="..\Common\sqlite3.h">
      <Filter>SQLite</Filter>
    </ClInclude>
    <ClInclude Include="SQLiteDisassemblyReader.h">
      <Filter>SQLite</Filter>
    </ClInclude>
    <ClInclude Include="..\Common\SQLiteTool.h">
      <Filter>SQLite</Filter>
    </ClInclude>
    <ClInclude Include="SQLiteDiffStorage.h">
      <Filter>SQLite</Filter>
    </ClInclude>
    <ClInclude Include="Function.h">
      <Filter>Header Files</Filter>
    </ClInclude>
    <ClInclude Include="..\common\SQLiteDisassemblyCommon.h">
      <Filter>SQLite</Filter>
    </ClInclude>
    <ClInclude Include="InstructionHash.h">
      <Filter>Algorithms</Filter>
    </ClInclude>
  </ItemGroup>
  <ItemGroup>
    <ClCompile Include="..\Common\Utility.cpp">
      <Filter>Source Files</Filter>
    </ClCompile>
    <ClCompile Include="BasicBlocks.cpp">
      <Filter>Source Files</Filter>
    </ClCompile>
    <ClCompile Include="Binaries.cpp">
      <Filter>Source Files</Filter>
    </ClCompile>
    <ClCompile Include="Binary.cpp">
      <Filter>Source Files</Filter>
    </ClCompile>
    <ClCompile Include="DiffAlgorithms.cpp">
      <Filter>Algorithms</Filter>
    </ClCompile>
    <ClCompile Include="Diff.cpp">
      <Filter>Algorithms</Filter>
    </ClCompile>
    <ClCompile Include="Varray.cpp">
      <Filter>Algorithms</Filter>
    </ClCompile>
    <ClCompile Include="FunctionMatching.cpp">
      <Filter>Algorithms</Filter>
    </ClCompile>
    <ClCompile Include="..\Common\sqlite3.c">
      <Filter>SQLite</Filter>
    </ClCompile>
    <ClCompile Include="SQLiteDisassemblyReader.cpp">
      <Filter>SQLite</Filter>
    </ClCompile>
    <ClCompile Include="..\Common\SQLiteTool.cpp">
      <Filter>SQLite</Filter>
    </ClCompile>
    <ClCompile Include="SQLiteDiffStorage.cpp">
      <Filter>SQLite</Filter>
    </ClCompile>
    <ClCompile Include="Function.cpp">
      <Filter>Source Files</Filter>
    </ClCompile>
    <ClCompile Include="InstructionHash.cpp">
      <Filter>Algorithms</Filter>
    </ClCompile>
  </ItemGroup>
  <ItemGroup>
    <None Include="packages.config" />
  </ItemGroup>
</Project>