<?xml version="1.0" encoding="utf-8"?>
<Project ToolsVersion="4.0" xmlns="http://schemas.microsoft.com/developer/msbuild/2003">
  <ItemGroup>
    <Filter Include="Source Files">
      <UniqueIdentifier>{4FC737F1-C7A5-4376-A066-2A32D752A2FF}</UniqueIdentifier>
      <Extensions>cpp;c;cc;cxx;c++;def;odl;idl;hpj;bat;asm;asmx</Extensions>
    </Filter>
    <Filter Include="Header Files">
      <UniqueIdentifier>{93995380-89BD-4b04-88EB-625FBE52EBFB}</UniqueIdentifier>
      <Extensions>h;hh;hpp;hxx;h++;hm;inl;inc;ipp;xsd</Extensions>
    </Filter>
    <Filter Include="Resource Files">
      <UniqueIdentifier>{67DA6AB6-F800-4c08-8B7A-83BB121AAD01}</UniqueIdentifier>
      <Extensions>rc;ico;cur;bmp;dlg;rc2;rct;bin;rgs;gif;jpg;jpeg;jpe;resx;tiff;tif;png;wav;mfcribbon-ms</Extensions>
    </Filter>
    <Filter Include="Library">
      <UniqueIdentifier>{f320162a-2313-4cf7-bd8d-eb551a0fc235}</UniqueIdentifier>
    </Filter>
    <Filter Include="Algorithms">
      <UniqueIdentifier>{2700885f-13d1-4044-8375-e484d9ce93d0}</UniqueIdentifier>
    </Filter>
  </ItemGroup>
  <ItemGroup>
    <ClInclude Include="framework.h">
      <Filter>Header Files</Filter>
    </ClInclude>
    <ClInclude Include="DisassemblyReader.h">
      <Filter>Source Files</Filter>
    </ClInclude>
    <ClInclude Include="SQLiteDisassemblyReader.h">
      <Filter>Source Files</Filter>
    </ClInclude>
    <ClInclude Include="..\Common\Log.h">
      <Filter>Header Files</Filter>
    </ClInclude>
    <ClInclude Include="Structures.h">
      <Filter>Header Files</Filter>
    </ClInclude>
    <ClInclude Include="..\Common\Utility.h">
      <Filter>Source Files</Filter>
    </ClInclude>
    <ClInclude Include="..\Common\sqlite3.h">
      <Filter>Library</Filter>
    </ClInclude>
    <ClInclude Include="BasicBlocks.h">
      <Filter>Header Files</Filter>
    </ClInclude>
    <ClInclude Include="Functions.h">
      <Filter>Header Files</Filter>
    </ClInclude>
    <ClInclude Include="Binaries.h">
      <Filter>Source Files</Filter>
    </ClInclude>
    <ClInclude Include="Binary.h">
      <Filter>Header Files</Filter>
    </ClInclude>
    <ClInclude Include="..\Common\StorageDataStructures.h">
      <Filter>Header Files</Filter>
    </ClInclude>
    <ClInclude Include="DiffAlgorithms.h">
      <Filter>Algorithms</Filter>
    </ClInclude>
    <ClInclude Include="Diff.h">
      <Filter>Algorithms</Filter>
    </ClInclude>
    <ClInclude Include="Varray.h">
      <Filter>Algorithms</Filter>
    </ClInclude>
    <ClInclude Include="FunctionMatches.h">
      <Filter>Algorithms</Filter>
    </ClInclude>
  </ItemGroup>
  <ItemGroup>
    <ClCompile Include="SQLiteDisassemblyReader.cpp">
      <Filter>Source Files</Filter>
    </ClCompile>
    <ClCompile Include="..\Common\Log.cpp">
      <Filter>Source Files</Filter>
    </ClCompile>
    <ClCompile Include="..\Common\Utility.cpp">
      <Filter>Source Files</Filter>
    </ClCompile>
    <ClCompile Include="..\Common\sqlite3.c">
      <Filter>Library</Filter>
    </ClCompile>
    <ClCompile Include="BasicBlocks.cpp">
      <Filter>Source Files</Filter>
    </ClCompile>
    <ClCompile Include="Functions.cpp">
      <Filter>Source Files</Filter>
    </ClCompile>
    <ClCompile Include="Binaries.cpp">
      <Filter>Source Files</Filter>
    </ClCompile>
    <ClCompile Include="Binary.cpp">
      <Filter>Source Files</Filter>
    </ClCompile>
    <ClCompile Include="DiffAlgorithms.cpp">
      <Filter>Algorithms</Filter>
    </ClCompile>
    <ClCompile Include="Diff.cpp">
      <Filter>Algorithms</Filter>
    </ClCompile>
    <ClCompile Include="Varray.cpp">
      <Filter>Algorithms</Filter>
    </ClCompile>
    <ClCompile Include="FunctionMatches.cpp">
      <Filter>Algorithms</Filter>
    </ClCompile>
  </ItemGroup>
</Project>