
Microsoft Visual Studio Solution File, Format Version 12.00
# Visual Studio Version 16
VisualStudioVersion = 16.0.30011.22
MinimumVisualStudioVersion = 10.0.40219.1
Project("{8BC9CEB8-8B4A-11D0-8D11-00A0C91BC942}") = "engine", "engine\engine.vcxproj", "{6828FC8F-EE18-46BD-8454-9C733FAD403D}"
EndProject
Project("{8BC9CEB8-8B4A-11D0-8D11-00A0C91BC942}") = "pybinkit", "pybinkit\pybinkit.vcxproj", "{B9BE5B65-45B8-4BA2-B726-83EACDBE502F}"
EndProject
Global
	GlobalSection(SolutionConfigurationPlatforms) = preSolution
		Debug-Python27|x64 = Debug-Python27|x64
		Debug-Python27|x86 = Debug-Python27|x86
		Debug-Python38|x64 = Debug-Python38|x64
		Debug-Python38|x86 = Debug-Python38|x86
		Release-Python38|x64 = Release-Python38|x64
		Release-Python38|x86 = Release-Python38|x86
	EndGlobalSection
	GlobalSection(ProjectConfigurationPlatforms) = postSolution
		{6828FC8F-EE18-46BD-8454-9C733FAD403D}.Debug-Python27|x64.ActiveCfg = Debug|x64
		{6828FC8F-EE18-46BD-8454-9C733FAD403D}.Debug-Python27|x64.Build.0 = Debug|x64
		{6828FC8F-EE18-46BD-8454-9C733FAD403D}.Debug-Python27|x86.ActiveCfg = Debug|Win32
		{6828FC8F-EE18-46BD-8454-9C733FAD403D}.Debug-Python27|x86.Build.0 = Debug|Win32
		{6828FC8F-EE18-46BD-8454-9C733FAD403D}.Debug-Python38|x64.ActiveCfg = Debug|x64
		{6828FC8F-EE18-46BD-8454-9C733FAD403D}.Debug-Python38|x64.Build.0 = Debug|x64
		{6828FC8F-EE18-46BD-8454-9C733FAD403D}.Debug-Python38|x86.ActiveCfg = Debug|Win32
		{6828FC8F-EE18-46BD-8454-9C733FAD403D}.Debug-Python38|x86.Build.0 = Debug|Win32
		{6828FC8F-EE18-46BD-8454-9C733FAD403D}.Release-Python38|x64.ActiveCfg = Release|x64
		{6828FC8F-EE18-46BD-8454-9C733FAD403D}.Release-Python38|x64.Build.0 = Release|x64
		{6828FC8F-EE18-46BD-8454-9C733FAD403D}.Release-Python38|x86.ActiveCfg = Release|Win32
		{6828FC8F-EE18-46BD-8454-9C733FAD403D}.Release-Python38|x86.Build.0 = Release|Win32
		{B9BE5B65-45B8-4BA2-B726-83EACDBE502F}.Debug-Python27|x64.ActiveCfg = Debug-Python27|x64
		{B9BE5B65-45B8-4BA2-B726-83EACDBE502F}.Debug-Python27|x64.Build.0 = Debug-Python27|x64
		{B9BE5B65-45B8-4BA2-B726-83EACDBE502F}.Debug-Python27|x86.ActiveCfg = Debug-Python27|Win32
		{B9BE5B65-45B8-4BA2-B726-83EACDBE502F}.Debug-Python27|x86.Build.0 = Debug-Python27|Win32
		{B9BE5B65-45B8-4BA2-B726-83EACDBE502F}.Debug-Python38|x64.ActiveCfg = Debug-Python38|x64
		{B9BE5B65-45B8-4BA2-B726-83EACDBE502F}.Debug-Python38|x64.Build.0 = Debug-Python38|x64
		{B9BE5B65-45B8-4BA2-B726-83EACDBE502F}.Debug-Python38|x86.ActiveCfg = Debug-Python38|Win32
		{B9BE5B65-45B8-4BA2-B726-83EACDBE502F}.Debug-Python38|x86.Build.0 = Debug-Python38|Win32
		{B9BE5B65-45B8-4BA2-B726-83EACDBE502F}.Release-Python38|x64.ActiveCfg = Release-Python38|x64
		{B9BE5B65-45B8-4BA2-B726-83EACDBE502F}.Release-Python38|x86.ActiveCfg = Release-Python38|Win32
	EndGlobalSection
	GlobalSection(SolutionProperties) = preSolution
		HideSolutionNode = FALSE
	EndGlobalSection
	GlobalSection(ExtensibilityGlobals) = postSolution
		SolutionGuid = {3F6F24D9-5CD4-46E9-9DE6-DE41477CCD6C}
	EndGlobalSection
EndGlobal
